schema: '2.0'
stages:
  preprocess:
    cmd: python src/preprocess.py
    deps:
    - path: data/raw/customer_data.csv
      hash: md5
      md5: b6ff65689787b5ea13c757d291528313
      size: 67750
    - path: data/raw/payment_data.csv
      hash: md5
      md5: 4e09e6665b9ef0161978a4e39aa43fc1
      size: 500975
    - path: src/preprocess.py
      hash: md5
      md5: f4d753894df5a1f4f3b093da3636288d
      size: 4902
    outs:
    - path: data/processed
      hash: md5
      md5: 1b7af6cf8bf53533c5a73dad57e9e981.dir
      size: 408983
      nfiles: 3
  train:
    cmd: python src/train.py
    deps:
    - path: data/processed/final_data_preprocessed.csv
      hash: md5
      md5: 72154905172acc5a4c7733b1876a1715
      size: 65029
    - path: src/train.py
      hash: md5
      md5: 2768b154e53ada35f1d3ddb27113e58f
      size: 2134
    outs:
    - path: data/split
      hash: md5
      md5: fec1524973ceea0e4a178dbe1081faca.dir
      size: 19546
      nfiles: 2
    - path: models/model.pkl
      hash: md5
      md5: 857fa1881a16447dd22c6688c58e47ad
      size: 3937
  evaluate:
    cmd: python src/evaluate.py
    deps:
    - path: data/split/X_test.csv
      hash: md5
      md5: d6f1d5bc1d40005aacf3783e9139909c
      size: 19032
    - path: data/split/y_test.csv
      hash: md5
      md5: 072448e323d164801e10f56dc0f69f8e
      size: 514
    - path: src/evaluate.py
      hash: md5
      md5: 41d77c29a2dbd50f16446d77641bc0bd
      size: 1497
    outs:
    - path: models/metrics.json
      hash: md5
      md5: f22048950cc1d01918b7d641ca23f820
      size: 131
