schema: '2.0'
stages:
  preprocess:
    cmd: python src/preprocess.py
    deps:
    - path: data/raw/customer_data.csv
      hash: md5
      md5: b6ff65689787b5ea13c757d291528313
      size: 67750
    - path: data/raw/payment_data.csv
      hash: md5
      md5: 4e09e6665b9ef0161978a4e39aa43fc1
      size: 500975
    - path: src/preprocess.py
      hash: md5
      md5: 344d4ca1a6090f81147fdb2721a74a1e
      size: 4902
    outs:
    - path: data/processed
      hash: md5
      md5: f9989276e692329dd2b60b79521d8a8d.dir
      size: 577816
      nfiles: 3
  train:
    cmd: python src/train.py
    deps:
    - path: data/processed/final_data_preprocessed.csv
      hash: md5
      md5: 6bf2a6db7f624818282c10d47864b92b
      size: 90464
    - path: src/train.py
      hash: md5
      md5: 2768b154e53ada35f1d3ddb27113e58f
      size: 2134
    outs:
    - path: data/split
      hash: md5
      md5: 51c8d3004b352c3f4a8536776b44725a.dir
      size: 27018
      nfiles: 2
    - path: models/model.pkl
      hash: md5
      md5: 21c89f7353f3b11303ca1aaca8902c35
      size: 4270
  evaluate:
    cmd: python src/evaluate.py
    deps:
    - path: data/split/X_test.csv
      hash: md5
      md5: 2ef628eb86620cd210ec1fea97f7d951
      size: 26300
    - path: data/split/y_test.csv
      hash: md5
      md5: e23cf7c492e6a03aa2608284d9964163
      size: 718
    - path: src/evaluate.py
      hash: md5
      md5: d288187ae2857c1904938ca4dcc8f4dc
      size: 1517
    outs:
    - path: models/metrics.json
      hash: md5
      md5: c4057b061099260c1dcb97a908bc12d4
      size: 131
